PODS:
  - Alamofire (4.7.2)
  - EFCMark (0.0.1)
  - EFMarkdown (4.0.0):
    - EFCMark
  - Moya (11.0.2):
    - Moya/Core (= 11.0.2)
  - Moya/Core (11.0.2):
    - Alamofire (~> 4.1)
    - Result (~> 3.0)
  - Result (3.2.4)
  - SnapKit (4.0.0)

DEPENDENCIES:
  - EFMarkdown
  - Moya
  - SnapKit

SPEC REPOS:
  https://github.com/cocoapods/specs.git:
    - Alamofire
    - EFCMark
    - EFMarkdown
    - Moya
    - Result
    - SnapKit

SPEC CHECKSUMS:
  Alamofire: e4fa87002c137ba2d8d634d2c51fabcda0d5c223
  EFCMark: 384f782f489f104c590dc375b9de902de37ebca3
  EFMarkdown: ee89bd6644fca23b9128576d6d87cb2e1c537d89
  Moya: a725035953bc1c0eb1be505ab903984501d82440
  Result: d2d07204ce72856f1fd9130bbe42c35a7b0fea10
  SnapKit: a42d492c16e80209130a3379f73596c3454b7694

PODFILE CHECKSUM: 4437109092d3dc8d975425a424fac04561844541

COCOAPODS: 1.5.2
