// !$*UTF8*$!
{
	archiveVersion = 1;
	classes = {
	};
	objectVersion = 48;
	objects = {

/* Begin PBXBuildFile section */
		529BFC8017D0D715ACC2748A /* Pods_LearnSwift.framework in Frameworks */ = {isa = PBXBuildFile; fileRef = 77FE25438E6E0D46968DBB6E /* Pods_LearnSwift.framework */; };
		B8709EBF20D8FC2500CC4247 /* AppDelegate.swift in Sources */ = {isa = PBXBuildFile; fileRef = B8709EBE20D8FC2500CC4247 /* AppDelegate.swift */; };
		B8709EC120D8FC2500CC4247 /* MasterViewController.swift in Sources */ = {isa = PBXBuildFile; fileRef = B8709EC020D8FC2500CC4247 /* MasterViewController.swift */; };
		B8709EC320D8FC2500CC4247 /* DetailViewController.swift in Sources */ = {isa = PBXBuildFile; fileRef = B8709EC220D8FC2500CC4247 /* DetailViewController.swift */; };
		B8709EC620D8FC2500CC4247 /* Main.storyboard in Resources */ = {isa = PBXBuildFile; fileRef = B8709EC420D8FC2500CC4247 /* Main.storyboard */; };
		B8709EC820D8FC2500CC4247 /* Assets.xcassets in Resources */ = {isa = PBXBuildFile; fileRef = B8709EC720D8FC2500CC4247 /* Assets.xcassets */; };
		B8709ECB20D8FC2500CC4247 /* LaunchScreen.storyboard in Resources */ = {isa = PBXBuildFile; fileRef = B8709EC920D8FC2500CC4247 /* LaunchScreen.storyboard */; };
		B8709ED620D8FC2500CC4247 /* LearnSwiftTests.swift in Sources */ = {isa = PBXBuildFile; fileRef = B8709ED520D8FC2500CC4247 /* LearnSwiftTests.swift */; };
		B8709EE220D8FECD00CC4247 /* MarkDownPreviewVC.swift in Sources */ = {isa = PBXBuildFile; fileRef = B8709EE120D8FECD00CC4247 /* MarkDownPreviewVC.swift */; };
		B8709EE420DA4C6900CC4247 /* InOutVC.swift in Sources */ = {isa = PBXBuildFile; fileRef = B8709EE320DA4C6900CC4247 /* InOutVC.swift */; };
		B8709EE620DA4CFE00CC4247 /* RuntimeHelper.swift in Sources */ = {isa = PBXBuildFile; fileRef = B8709EE520DA4CFE00CC4247 /* RuntimeHelper.swift */; };
		B8709EE920DB7C0C00CC4247 /* ClosuresVC.swift in Sources */ = {isa = PBXBuildFile; fileRef = B8709EE820DB7C0C00CC4247 /* ClosuresVC.swift */; };
		B8709EEB20DB7D5B00CC4247 /* FeathersVC.swift in Sources */ = {isa = PBXBuildFile; fileRef = B8709EEA20DB7D5B00CC4247 /* FeathersVC.swift */; };
		D40DE7B32252106C007ADE19 /* VarTypeVC.swift in Sources */ = {isa = PBXBuildFile; fileRef = D40DE7B22252106C007ADE19 /* VarTypeVC.swift */; };
		D41951D8210F061C0006AF02 /* GuardVC.swift in Sources */ = {isa = PBXBuildFile; fileRef = D41951D7210F061C0006AF02 /* GuardVC.swift */; };
		D44B2A252180568C009A84B6 /* XBaseRequest.swift in Sources */ = {isa = PBXBuildFile; fileRef = D44B2A242180568C009A84B6 /* XBaseRequest.swift */; };
		D44B2A27218057DE009A84B6 /* XTokenRequest.swift in Sources */ = {isa = PBXBuildFile; fileRef = D44B2A26218057DE009A84B6 /* XTokenRequest.swift */; };
		D4672E6E22977B6400A5DE44 /* HandyJSONVC.swift in Sources */ = {isa = PBXBuildFile; fileRef = D4672E6D22977B6400A5DE44 /* HandyJSONVC.swift */; };
		D4672E7A229F7A9200A5DE44 /* MemoryManagerVC.swift in Sources */ = {isa = PBXBuildFile; fileRef = D4672E79229F7A9200A5DE44 /* MemoryManagerVC.swift */; };
		D4CEB6CB225ADEF9007E4B55 /* SnapKitDemoVC.swift in Sources */ = {isa = PBXBuildFile; fileRef = D4CEB6CA225ADEF9007E4B55 /* SnapKitDemoVC.swift */; };
		D4CEB6CE225AE93F007E4B55 /* MoyaDemoVC.swift in Sources */ = {isa = PBXBuildFile; fileRef = D4CEB6CD225AE93F007E4B55 /* MoyaDemoVC.swift */; };
		D4CEB6D1225B20DB007E4B55 /* RxSwiftDemoVC.swift in Sources */ = {isa = PBXBuildFile; fileRef = D4CEB6D0225B20DB007E4B55 /* RxSwiftDemoVC.swift */; };
		D4CEB6D3225B399D007E4B55 /* PropertyDemoVC.swift in Sources */ = {isa = PBXBuildFile; fileRef = D4CEB6D2225B399D007E4B55 /* PropertyDemoVC.swift */; };
		D4CEB6D5225B4648007E4B55 /* ExtensionVC.swift in Sources */ = {isa = PBXBuildFile; fileRef = D4CEB6D4225B4648007E4B55 /* ExtensionVC.swift */; };
		D4CEB72922671130007E4B55 /* CartographyVC.swift in Sources */ = {isa = PBXBuildFile; fileRef = D4CEB72822671130007E4B55 /* CartographyVC.swift */; };
		D4E8748A2294DEC0002C8061 /* JSONCodableVC.swift in Sources */ = {isa = PBXBuildFile; fileRef = D4E874892294DEC0002C8061 /* JSONCodableVC.swift */; };
		D4E8748C2294DFA0002C8061 /* user.json in Resources */ = {isa = PBXBuildFile; fileRef = D4E8748B2294DFA0002C8061 /* user.json */; };
		EC8C75B120E1D1ED000BE8F9 /* AppleDemo.swift in Sources */ = {isa = PBXBuildFile; fileRef = EC8C75B020E1D1ED000BE8F9 /* AppleDemo.swift */; };
		EC8C75B520E21F99000BE8F9 /* XFDemoTableViewController.swift in Sources */ = {isa = PBXBuildFile; fileRef = EC8C75B420E21F99000BE8F9 /* XFDemoTableViewController.swift */; };
		ECE9728B20D9E6F400FB2ED9 /* KeyWordsVC.swift in Sources */ = {isa = PBXBuildFile; fileRef = ECE9728A20D9E6F400FB2ED9 /* KeyWordsVC.swift */; };
		ECE9728E20D9FD6700FB2ED9 /* XFWebViewController.swift in Sources */ = {isa = PBXBuildFile; fileRef = ECE9728D20D9FD6700FB2ED9 /* XFWebViewController.swift */; };
		F58D8D95C7C0AE2BD140F9BE /* Pods_LearnSwiftTests.framework in Frameworks */ = {isa = PBXBuildFile; fileRef = D6D75FA2F6EDA286272D87A9 /* Pods_LearnSwiftTests.framework */; };
/* End PBXBuildFile section */

/* Begin PBXContainerItemProxy section */
		B8709ED220D8FC2500CC4247 /* PBXContainerItemProxy */ = {
			isa = PBXContainerItemProxy;
			containerPortal = B8709EB320D8FC2500CC4247 /* Project object */;
			proxyType = 1;
			remoteGlobalIDString = B8709EBA20D8FC2500CC4247;
			remoteInfo = LearnSwift;
		};
/* End PBXContainerItemProxy section */

/* Begin PBXFileReference section */
		041DC6B76A36CE038A23419E /* Pods-LearnSwift.debug.xcconfig */ = {isa = PBXFileReference; includeInIndex = 1; lastKnownFileType = text.xcconfig; name = "Pods-LearnSwift.debug.xcconfig"; path = "Pods/Target Support Files/Pods-LearnSwift/Pods-LearnSwift.debug.xcconfig"; sourceTree = "<group>"; };
		0C34EF001D1295B4D85505B8 /* Pods-LearnSwift.release.xcconfig */ = {isa = PBXFileReference; includeInIndex = 1; lastKnownFileType = text.xcconfig; name = "Pods-LearnSwift.release.xcconfig"; path = "Pods/Target Support Files/Pods-LearnSwift/Pods-LearnSwift.release.xcconfig"; sourceTree = "<group>"; };
		1106E4932C7CAC9D4E947ABC /* Pods-LearnSwiftTests.release.xcconfig */ = {isa = PBXFileReference; includeInIndex = 1; lastKnownFileType = text.xcconfig; name = "Pods-LearnSwiftTests.release.xcconfig"; path = "Pods/Target Support Files/Pods-LearnSwiftTests/Pods-LearnSwiftTests.release.xcconfig"; sourceTree = "<group>"; };
		77FE25438E6E0D46968DBB6E /* Pods_LearnSwift.framework */ = {isa = PBXFileReference; explicitFileType = wrapper.framework; includeInIndex = 0; path = Pods_LearnSwift.framework; sourceTree = BUILT_PRODUCTS_DIR; };
		7C62DC2E16B4FF5DD6BB385A /* Pods-LearnSwiftTests.debug.xcconfig */ = {isa = PBXFileReference; includeInIndex = 1; lastKnownFileType = text.xcconfig; name = "Pods-LearnSwiftTests.debug.xcconfig"; path = "Pods/Target Support Files/Pods-LearnSwiftTests/Pods-LearnSwiftTests.debug.xcconfig"; sourceTree = "<group>"; };
		B8709EBB20D8FC2500CC4247 /* LearnSwift.app */ = {isa = PBXFileReference; explicitFileType = wrapper.application; includeInIndex = 0; path = LearnSwift.app; sourceTree = BUILT_PRODUCTS_DIR; };
		B8709EBE20D8FC2500CC4247 /* AppDelegate.swift */ = {isa = PBXFileReference; lastKnownFileType = sourcecode.swift; path = AppDelegate.swift; sourceTree = "<group>"; };
		B8709EC020D8FC2500CC4247 /* MasterViewController.swift */ = {isa = PBXFileReference; lastKnownFileType = sourcecode.swift; path = MasterViewController.swift; sourceTree = "<group>"; };
		B8709EC220D8FC2500CC4247 /* DetailViewController.swift */ = {isa = PBXFileReference; lastKnownFileType = sourcecode.swift; path = DetailViewController.swift; sourceTree = "<group>"; };
		B8709EC520D8FC2500CC4247 /* Base */ = {isa = PBXFileReference; lastKnownFileType = file.storyboard; name = Base; path = Base.lproj/Main.storyboard; sourceTree = "<group>"; };
		B8709EC720D8FC2500CC4247 /* Assets.xcassets */ = {isa = PBXFileReference; lastKnownFileType = folder.assetcatalog; path = Assets.xcassets; sourceTree = "<group>"; };
		B8709ECA20D8FC2500CC4247 /* Base */ = {isa = PBXFileReference; lastKnownFileType = file.storyboard; name = Base; path = Base.lproj/LaunchScreen.storyboard; sourceTree = "<group>"; };
		B8709ECC20D8FC2500CC4247 /* Info.plist */ = {isa = PBXFileReference; lastKnownFileType = text.plist.xml; path = Info.plist; sourceTree = "<group>"; };
		B8709ED120D8FC2500CC4247 /* LearnSwiftTests.xctest */ = {isa = PBXFileReference; explicitFileType = wrapper.cfbundle; includeInIndex = 0; path = LearnSwiftTests.xctest; sourceTree = BUILT_PRODUCTS_DIR; };
		B8709ED520D8FC2500CC4247 /* LearnSwiftTests.swift */ = {isa = PBXFileReference; lastKnownFileType = sourcecode.swift; path = LearnSwiftTests.swift; sourceTree = "<group>"; };
		B8709ED720D8FC2500CC4247 /* Info.plist */ = {isa = PBXFileReference; lastKnownFileType = text.plist.xml; path = Info.plist; sourceTree = "<group>"; };
		B8709EE120D8FECD00CC4247 /* MarkDownPreviewVC.swift */ = {isa = PBXFileReference; lastKnownFileType = sourcecode.swift; path = MarkDownPreviewVC.swift; sourceTree = "<group>"; };
		B8709EE320DA4C6900CC4247 /* InOutVC.swift */ = {isa = PBXFileReference; lastKnownFileType = sourcecode.swift; path = InOutVC.swift; sourceTree = "<group>"; };
		B8709EE520DA4CFE00CC4247 /* RuntimeHelper.swift */ = {isa = PBXFileReference; lastKnownFileType = sourcecode.swift; path = RuntimeHelper.swift; sourceTree = "<group>"; };
		B8709EE820DB7C0C00CC4247 /* ClosuresVC.swift */ = {isa = PBXFileReference; lastKnownFileType = sourcecode.swift; path = ClosuresVC.swift; sourceTree = "<group>"; };
		B8709EEA20DB7D5B00CC4247 /* FeathersVC.swift */ = {isa = PBXFileReference; lastKnownFileType = sourcecode.swift; path = FeathersVC.swift; sourceTree = "<group>"; };
		D40DE7B22252106C007ADE19 /* VarTypeVC.swift */ = {isa = PBXFileReference; lastKnownFileType = sourcecode.swift; path = VarTypeVC.swift; sourceTree = "<group>"; };
		D41951D7210F061C0006AF02 /* GuardVC.swift */ = {isa = PBXFileReference; lastKnownFileType = sourcecode.swift; path = GuardVC.swift; sourceTree = "<group>"; };
		D44B2A242180568C009A84B6 /* XBaseRequest.swift */ = {isa = PBXFileReference; lastKnownFileType = sourcecode.swift; path = XBaseRequest.swift; sourceTree = "<group>"; };
		D44B2A26218057DE009A84B6 /* XTokenRequest.swift */ = {isa = PBXFileReference; lastKnownFileType = sourcecode.swift; path = XTokenRequest.swift; sourceTree = "<group>"; };
		D4672E6D22977B6400A5DE44 /* HandyJSONVC.swift */ = {isa = PBXFileReference; lastKnownFileType = sourcecode.swift; path = HandyJSONVC.swift; sourceTree = "<group>"; };
		D4672E73229CD41400A5DE44 /* RxSwiftPlayground.playground */ = {isa = PBXFileReference; lastKnownFileType = file.playground; path = RxSwiftPlayground.playground; sourceTree = "<group>"; xcLanguageSpecificationIdentifier = xcode.lang.swift; };
		D4672E79229F7A9200A5DE44 /* MemoryManagerVC.swift */ = {isa = PBXFileReference; lastKnownFileType = sourcecode.swift; path = MemoryManagerVC.swift; sourceTree = "<group>"; };
		D4672E7B229F831900A5DE44 /* MemoryManager.playground */ = {isa = PBXFileReference; lastKnownFileType = file.playground; path = MemoryManager.playground; sourceTree = "<group>"; xcLanguageSpecificationIdentifier = xcode.lang.swift; };
		D4672E7C229FD72200A5DE44 /* Pointer.playground */ = {isa = PBXFileReference; lastKnownFileType = file.playground; path = Pointer.playground; sourceTree = "<group>"; xcLanguageSpecificationIdentifier = xcode.lang.swift; };
		D4672E7E22A4EB8400A5DE44 /* Generic.playground */ = {isa = PBXFileReference; lastKnownFileType = file.playground; path = Generic.playground; sourceTree = "<group>"; xcLanguageSpecificationIdentifier = xcode.lang.swift; };
		D4672E8022A523E800A5DE44 /* FP.playground */ = {isa = PBXFileReference; lastKnownFileType = file.playground; path = FP.playground; sourceTree = "<group>"; xcLanguageSpecificationIdentifier = xcode.lang.swift; };
		D4672E8222A606EE00A5DE44 /* DesignPattern.playground */ = {isa = PBXFileReference; lastKnownFileType = file.playground; path = DesignPattern.playground; sourceTree = "<group>"; xcLanguageSpecificationIdentifier = xcode.lang.swift; };
		D4CEB6CA225ADEF9007E4B55 /* SnapKitDemoVC.swift */ = {isa = PBXFileReference; lastKnownFileType = sourcecode.swift; path = SnapKitDemoVC.swift; sourceTree = "<group>"; };
		D4CEB6CD225AE93F007E4B55 /* MoyaDemoVC.swift */ = {isa = PBXFileReference; lastKnownFileType = sourcecode.swift; path = MoyaDemoVC.swift; sourceTree = "<group>"; };
		D4CEB6D0225B20DB007E4B55 /* RxSwiftDemoVC.swift */ = {isa = PBXFileReference; lastKnownFileType = sourcecode.swift; path = RxSwiftDemoVC.swift; sourceTree = "<group>"; };
		D4CEB6D2225B399D007E4B55 /* PropertyDemoVC.swift */ = {isa = PBXFileReference; lastKnownFileType = sourcecode.swift; path = PropertyDemoVC.swift; sourceTree = "<group>"; };
		D4CEB6D4225B4648007E4B55 /* ExtensionVC.swift */ = {isa = PBXFileReference; lastKnownFileType = sourcecode.swift; path = ExtensionVC.swift; sourceTree = "<group>"; };
		D4CEB72822671130007E4B55 /* CartographyVC.swift */ = {isa = PBXFileReference; lastKnownFileType = sourcecode.swift; path = CartographyVC.swift; sourceTree = "<group>"; };
		D4E874892294DEC0002C8061 /* JSONCodableVC.swift */ = {isa = PBXFileReference; lastKnownFileType = sourcecode.swift; path = JSONCodableVC.swift; sourceTree = "<group>"; };
		D4E8748B2294DFA0002C8061 /* user.json */ = {isa = PBXFileReference; lastKnownFileType = text.json; path = user.json; sourceTree = "<group>"; };
		D6D75FA2F6EDA286272D87A9 /* Pods_LearnSwiftTests.framework */ = {isa = PBXFileReference; explicitFileType = wrapper.framework; includeInIndex = 0; path = Pods_LearnSwiftTests.framework; sourceTree = BUILT_PRODUCTS_DIR; };
		EC8C75B020E1D1ED000BE8F9 /* AppleDemo.swift */ = {isa = PBXFileReference; fileEncoding = 4; lastKnownFileType = sourcecode.swift; path = AppleDemo.swift; sourceTree = "<group>"; };
		EC8C75B420E21F99000BE8F9 /* XFDemoTableViewController.swift */ = {isa = PBXFileReference; lastKnownFileType = sourcecode.swift; path = XFDemoTableViewController.swift; sourceTree = "<group>"; };
		ECE9728A20D9E6F400FB2ED9 /* KeyWordsVC.swift */ = {isa = PBXFileReference; lastKnownFileType = sourcecode.swift; path = KeyWordsVC.swift; sourceTree = "<group>"; };
		ECE9728D20D9FD6700FB2ED9 /* XFWebViewController.swift */ = {isa = PBXFileReference; lastKnownFileType = sourcecode.swift; path = XFWebViewController.swift; sourceTree = "<group>"; };
/* End PBXFileReference section */

/* Begin PBXFrameworksBuildPhase section */
		B8709EB820D8FC2500CC4247 /* Frameworks */ = {
			isa = PBXFrameworksBuildPhase;
			buildActionMask = 2147483647;
			files = (
				529BFC8017D0D715ACC2748A /* Pods_LearnSwift.framework in Frameworks */,
			);
			runOnlyForDeploymentPostprocessing = 0;
		};
		B8709ECE20D8FC2500CC4247 /* Frameworks */ = {
			isa = PBXFrameworksBuildPhase;
			buildActionMask = 2147483647;
			files = (
				F58D8D95C7C0AE2BD140F9BE /* Pods_LearnSwiftTests.framework in Frameworks */,
			);
			runOnlyForDeploymentPostprocessing = 0;
		};
/* End PBXFrameworksBuildPhase section */

/* Begin PBXGroup section */
		B8709EB220D8FC2500CC4247 = {
			isa = PBXGroup;
			children = (
				D4672E8122A606B400A5DE44 /* DesignPattern */,
				D4672E7D22A4EB5300A5DE44 /* Generic */,
				D4672E78229F7A6A00A5DE44 /* MemoryManager */,
				D4672E72229CD15700A5DE44 /* RxSwift */,
				D4CEB6C8225ADECB007E4B55 /* Verdor */,
				D40DE7B12252104D007ADE19 /* VarType */,
				EC8C75AF20E1D1D1000BE8F9 /* AppleDemo */,
				B8709EE720DB7BE300CC4247 /* Feather */,
				ECE9728C20D9FD5000FB2ED9 /* Base */,
				ECE9728920D9E6D400FB2ED9 /* KeyWords */,
				B8709EE020D8FEA800CC4247 /* MarkDown */,
				B8709EBD20D8FC2500CC4247 /* LearnSwift */,
				B8709ED420D8FC2500CC4247 /* LearnSwiftTests */,
				B8709EBC20D8FC2500CC4247 /* Products */,
				E50DA3CFEA0202FE51F18747 /* Pods */,
				C38D3F4602FB306386E16F1A /* Frameworks */,
			);
			sourceTree = "<group>";
		};
		B8709EBC20D8FC2500CC4247 /* Products */ = {
			isa = PBXGroup;
			children = (
				B8709EBB20D8FC2500CC4247 /* LearnSwift.app */,
				B8709ED120D8FC2500CC4247 /* LearnSwiftTests.xctest */,
			);
			name = Products;
			sourceTree = "<group>";
		};
		B8709EBD20D8FC2500CC4247 /* LearnSwift */ = {
			isa = PBXGroup;
			children = (
				B8709EBE20D8FC2500CC4247 /* AppDelegate.swift */,
				B8709EC020D8FC2500CC4247 /* MasterViewController.swift */,
				B8709EC220D8FC2500CC4247 /* DetailViewController.swift */,
				B8709EC420D8FC2500CC4247 /* Main.storyboard */,
				B8709EC720D8FC2500CC4247 /* Assets.xcassets */,
				B8709EC920D8FC2500CC4247 /* LaunchScreen.storyboard */,
				B8709ECC20D8FC2500CC4247 /* Info.plist */,
			);
			path = LearnSwift;
			sourceTree = "<group>";
		};
		B8709ED420D8FC2500CC4247 /* LearnSwiftTests */ = {
			isa = PBXGroup;
			children = (
				B8709ED520D8FC2500CC4247 /* LearnSwiftTests.swift */,
				B8709ED720D8FC2500CC4247 /* Info.plist */,
			);
			path = LearnSwiftTests;
			sourceTree = "<group>";
		};
		B8709EE020D8FEA800CC4247 /* MarkDown */ = {
			isa = PBXGroup;
			children = (
				B8709EE120D8FECD00CC4247 /* MarkDownPreviewVC.swift */,
			);
			path = MarkDown;
			sourceTree = "<group>";
		};
		B8709EE720DB7BE300CC4247 /* Feather */ = {
			isa = PBXGroup;
			children = (
				D4672E6F2297D4FC00A5DE44 /* Memory */,
				B8709EE820DB7C0C00CC4247 /* ClosuresVC.swift */,
				B8709EEA20DB7D5B00CC4247 /* FeathersVC.swift */,
				D44B2A242180568C009A84B6 /* XBaseRequest.swift */,
				D44B2A26218057DE009A84B6 /* XTokenRequest.swift */,
				D4CEB6D2225B399D007E4B55 /* PropertyDemoVC.swift */,
				D4CEB6D4225B4648007E4B55 /* ExtensionVC.swift */,
			);
			path = Feather;
			sourceTree = "<group>";
		};
		C38D3F4602FB306386E16F1A /* Frameworks */ = {
			isa = PBXGroup;
			children = (
				77FE25438E6E0D46968DBB6E /* Pods_LearnSwift.framework */,
				D6D75FA2F6EDA286272D87A9 /* Pods_LearnSwiftTests.framework */,
			);
			name = Frameworks;
			sourceTree = "<group>";
		};
		D40DE7B12252104D007ADE19 /* VarType */ = {
			isa = PBXGroup;
			children = (
				D40DE7B22252106C007ADE19 /* VarTypeVC.swift */,
			);
			path = VarType;
			sourceTree = "<group>";
		};
		D4672E6F2297D4FC00A5DE44 /* Memory */ = {
			isa = PBXGroup;
			children = (
			);
			path = Memory;
			sourceTree = "<group>";
		};
		D4672E72229CD15700A5DE44 /* RxSwift */ = {
			isa = PBXGroup;
			children = (
				D4672E73229CD41400A5DE44 /* RxSwiftPlayground.playground */,
			);
			path = RxSwift;
			sourceTree = "<group>";
		};
		D4672E78229F7A6A00A5DE44 /* MemoryManager */ = {
			isa = PBXGroup;
			children = (
				D4672E79229F7A9200A5DE44 /* MemoryManagerVC.swift */,
				D4672E7B229F831900A5DE44 /* MemoryManager.playground */,
				D4672E7C229FD72200A5DE44 /* Pointer.playground */,
			);
			path = MemoryManager;
			sourceTree = "<group>";
		};
		D4672E7D22A4EB5300A5DE44 /* Generic */ = {
			isa = PBXGroup;
			children = (
				D4672E7F22A5239A00A5DE44 /* FP */,
				D4672E7E22A4EB8400A5DE44 /* Generic.playground */,
			);
			path = Generic;
			sourceTree = "<group>";
		};
		D4672E7F22A5239A00A5DE44 /* FP */ = {
			isa = PBXGroup;
			children = (
				D4672E8022A523E800A5DE44 /* FP.playground */,
			);
			path = FP;
			sourceTree = "<group>";
		};
		D4672E8122A606B400A5DE44 /* DesignPattern */ = {
			isa = PBXGroup;
			children = (
				D4672E8222A606EE00A5DE44 /* DesignPattern.playground */,
			);
			path = DesignPattern;
			sourceTree = "<group>";
		};
		D4CEB6C8225ADECB007E4B55 /* Verdor */ = {
			isa = PBXGroup;
			children = (
				D4CEB726226710DB007E4B55 /* AutoLayout */,
				D4CEB6CF225B20BE007E4B55 /* RxSwift */,
				D4CEB6CC225AE92B007E4B55 /* Moya */,
			);
			path = Verdor;
			sourceTree = "<group>";
		};
		D4CEB6C9225ADED4007E4B55 /* SnapKit */ = {
			isa = PBXGroup;
			children = (
				D4CEB6CA225ADEF9007E4B55 /* SnapKitDemoVC.swift */,
			);
			path = SnapKit;
			sourceTree = "<group>";
		};
		D4CEB6CC225AE92B007E4B55 /* Moya */ = {
			isa = PBXGroup;
			children = (
				D4CEB6CD225AE93F007E4B55 /* MoyaDemoVC.swift */,
			);
			path = Moya;
			sourceTree = "<group>";
		};
		D4CEB6CF225B20BE007E4B55 /* RxSwift */ = {
			isa = PBXGroup;
			children = (
				D4CEB6D0225B20DB007E4B55 /* RxSwiftDemoVC.swift */,
			);
			path = RxSwift;
			sourceTree = "<group>";
		};
		D4CEB726226710DB007E4B55 /* AutoLayout */ = {
			isa = PBXGroup;
			children = (
				D4CEB727226710F0007E4B55 /* Cartography */,
				D4CEB6C9225ADED4007E4B55 /* SnapKit */,
			);
			path = AutoLayout;
			sourceTree = "<group>";
		};
		D4CEB727226710F0007E4B55 /* Cartography */ = {
			isa = PBXGroup;
			children = (
				D4CEB72822671130007E4B55 /* CartographyVC.swift */,
			);
			path = Cartography;
			sourceTree = "<group>";
		};
		D4E874882294DEA6002C8061 /* JSON */ = {
			isa = PBXGroup;
			children = (
				D4E874892294DEC0002C8061 /* JSONCodableVC.swift */,
				D4E8748B2294DFA0002C8061 /* user.json */,
				D4672E6D22977B6400A5DE44 /* HandyJSONVC.swift */,
			);
			path = JSON;
			sourceTree = "<group>";
		};
		E50DA3CFEA0202FE51F18747 /* Pods */ = {
			isa = PBXGroup;
			children = (
				041DC6B76A36CE038A23419E /* Pods-LearnSwift.debug.xcconfig */,
				0C34EF001D1295B4D85505B8 /* Pods-LearnSwift.release.xcconfig */,
				7C62DC2E16B4FF5DD6BB385A /* Pods-LearnSwiftTests.debug.xcconfig */,
				1106E4932C7CAC9D4E947ABC /* Pods-LearnSwiftTests.release.xcconfig */,
			);
			name = Pods;
			sourceTree = "<group>";
		};
		EC8C75AF20E1D1D1000BE8F9 /* AppleDemo */ = {
			isa = PBXGroup;
			children = (
				EC8C75B020E1D1ED000BE8F9 /* AppleDemo.swift */,
			);
			path = AppleDemo;
			sourceTree = "<group>";
		};
		ECE9728920D9E6D400FB2ED9 /* KeyWords */ = {
			isa = PBXGroup;
			children = (
				D4E874882294DEA6002C8061 /* JSON */,
				ECE9728A20D9E6F400FB2ED9 /* KeyWordsVC.swift */,
				B8709EE320DA4C6900CC4247 /* InOutVC.swift */,
				D41951D7210F061C0006AF02 /* GuardVC.swift */,
			);
			path = KeyWords;
			sourceTree = "<group>";
		};
		ECE9728C20D9FD5000FB2ED9 /* Base */ = {
			isa = PBXGroup;
			children = (
				ECE9728D20D9FD6700FB2ED9 /* XFWebViewController.swift */,
				EC8C75B420E21F99000BE8F9 /* XFDemoTableViewController.swift */,
				B8709EE520DA4CFE00CC4247 /* RuntimeHelper.swift */,
			);
			path = Base;
			sourceTree = "<group>";
		};
/* End PBXGroup section */

/* Begin PBXNativeTarget section */
		B8709EBA20D8FC2500CC4247 /* LearnSwift */ = {
			isa = PBXNativeTarget;
			buildConfigurationList = B8709EDA20D8FC2500CC4247 /* Build configuration list for PBXNativeTarget "LearnSwift" */;
			buildPhases = (
				5CBAFCB997A750F4C20ED582 /* [CP] Check Pods Manifest.lock */,
				B8709EB720D8FC2500CC4247 /* Sources */,
				B8709EB820D8FC2500CC4247 /* Frameworks */,
				B8709EB920D8FC2500CC4247 /* Resources */,
				D39B403C858A69295B11A2EB /* [CP] Embed Pods Frameworks */,
				D4672E712297F36F00A5DE44 /* ShellScript */,
			);
			buildRules = (
			);
			dependencies = (
			);
			name = LearnSwift;
			productName = LearnSwift;
			productReference = B8709EBB20D8FC2500CC4247 /* LearnSwift.app */;
			productType = "com.apple.product-type.application";
		};
		B8709ED020D8FC2500CC4247 /* LearnSwiftTests */ = {
			isa = PBXNativeTarget;
			buildConfigurationList = B8709EDD20D8FC2500CC4247 /* Build configuration list for PBXNativeTarget "LearnSwiftTests" */;
			buildPhases = (
				86B3EA8C96DF59C77EB7AD25 /* [CP] Check Pods Manifest.lock */,
				B8709ECD20D8FC2500CC4247 /* Sources */,
				B8709ECE20D8FC2500CC4247 /* Frameworks */,
				B8709ECF20D8FC2500CC4247 /* Resources */,
			);
			buildRules = (
			);
			dependencies = (
				B8709ED320D8FC2500CC4247 /* PBXTargetDependency */,
			);
			name = LearnSwiftTests;
			productName = LearnSwiftTests;
			productReference = B8709ED120D8FC2500CC4247 /* LearnSwiftTests.xctest */;
			productType = "com.apple.product-type.bundle.unit-test";
		};
/* End PBXNativeTarget section */

/* Begin PBXProject section */
		B8709EB320D8FC2500CC4247 /* Project object */ = {
			isa = PBXProject;
			attributes = {
				LastSwiftUpdateCheck = 0920;
				LastUpgradeCheck = 0920;
				ORGANIZATIONNAME = yunmai;
				TargetAttributes = {
					B8709EBA20D8FC2500CC4247 = {
						CreatedOnToolsVersion = 9.2;
						ProvisioningStyle = Automatic;
					};
					B8709ED020D8FC2500CC4247 = {
						CreatedOnToolsVersion = 9.2;
						ProvisioningStyle = Automatic;
						TestTargetID = B8709EBA20D8FC2500CC4247;
					};
				};
			};
			buildConfigurationList = B8709EB620D8FC2500CC4247 /* Build configuration list for PBXProject "LearnSwift" */;
			compatibilityVersion = "Xcode 8.0";
			developmentRegion = en;
			hasScannedForEncodings = 0;
			knownRegions = (
				en,
				Base,
			);
			mainGroup = B8709EB220D8FC2500CC4247;
			productRefGroup = B8709EBC20D8FC2500CC4247 /* Products */;
			projectDirPath = "";
			projectRoot = "";
			targets = (
				B8709EBA20D8FC2500CC4247 /* LearnSwift */,
				B8709ED020D8FC2500CC4247 /* LearnSwiftTests */,
			);
		};
/* End PBXProject section */

/* Begin PBXResourcesBuildPhase section */
		B8709EB920D8FC2500CC4247 /* Resources */ = {
			isa = PBXResourcesBuildPhase;
			buildActionMask = 2147483647;
			files = (
				D4E8748C2294DFA0002C8061 /* user.json in Resources */,
				B8709ECB20D8FC2500CC4247 /* LaunchScreen.storyboard in Resources */,
				B8709EC820D8FC2500CC4247 /* Assets.xcassets in Resources */,
				B8709EC620D8FC2500CC4247 /* Main.storyboard in Resources */,
			);
			runOnlyForDeploymentPostprocessing = 0;
		};
		B8709ECF20D8FC2500CC4247 /* Resources */ = {
			isa = PBXResourcesBuildPhase;
			buildActionMask = 2147483647;
			files = (
			);
			runOnlyForDeploymentPostprocessing = 0;
		};
/* End PBXResourcesBuildPhase section */

/* Begin PBXShellScriptBuildPhase section */
		5CBAFCB997A750F4C20ED582 /* [CP] Check Pods Manifest.lock */ = {
			isa = PBXShellScriptBuildPhase;
			buildActionMask = 2147483647;
			files = (
			);
			inputPaths = (
				"${PODS_PODFILE_DIR_PATH}/Podfile.lock",
				"${PODS_ROOT}/Manifest.lock",
			);
			name = "[CP] Check Pods Manifest.lock";
			outputPaths = (
				"$(DERIVED_FILE_DIR)/Pods-LearnSwift-checkManifestLockResult.txt",
			);
			runOnlyForDeploymentPostprocessing = 0;
			shellPath = /bin/sh;
			shellScript = "diff \"${PODS_PODFILE_DIR_PATH}/Podfile.lock\" \"${PODS_ROOT}/Manifest.lock\" > /dev/null\nif [ $? != 0 ] ; then\n    # print error to STDERR\n    echo \"error: The sandbox is not in sync with the Podfile.lock. Run 'pod install' or update your CocoaPods installation.\" >&2\n    exit 1\nfi\n# This output is used by Xcode 'outputs' to avoid re-running this script phase.\necho \"SUCCESS\" > \"${SCRIPT_OUTPUT_FILE_0}\"\n";
			showEnvVarsInLog = 0;
		};
		86B3EA8C96DF59C77EB7AD25 /* [CP] Check Pods Manifest.lock */ = {
			isa = PBXShellScriptBuildPhase;
			buildActionMask = 2147483647;
			files = (
			);
			inputPaths = (
				"${PODS_PODFILE_DIR_PATH}/Podfile.lock",
				"${PODS_ROOT}/Manifest.lock",
			);
			name = "[CP] Check Pods Manifest.lock";
			outputPaths = (
				"$(DERIVED_FILE_DIR)/Pods-LearnSwiftTests-checkManifestLockResult.txt",
			);
			runOnlyForDeploymentPostprocessing = 0;
			shellPath = /bin/sh;
			shellScript = "diff \"${PODS_PODFILE_DIR_PATH}/Podfile.lock\" \"${PODS_ROOT}/Manifest.lock\" > /dev/null\nif [ $? != 0 ] ; then\n    # print error to STDERR\n    echo \"error: The sandbox is not in sync with the Podfile.lock. Run 'pod install' or update your CocoaPods installation.\" >&2\n    exit 1\nfi\n# This output is used by Xcode 'outputs' to avoid re-running this script phase.\necho \"SUCCESS\" > \"${SCRIPT_OUTPUT_FILE_0}\"\n";
			showEnvVarsInLog = 0;
		};
		D39B403C858A69295B11A2EB /* [CP] Embed Pods Frameworks */ = {
			isa = PBXShellScriptBuildPhase;
			buildActionMask = 2147483647;
			files = (
			);
			inputPaths = (
				"${SRCROOT}/Pods/Target Support Files/Pods-LearnSwift/Pods-LearnSwift-frameworks.sh",
				"${BUILT_PRODUCTS_DIR}/Alamofire/Alamofire.framework",
				"${BUILT_PRODUCTS_DIR}/Cartography/Cartography.framework",
				"${BUILT_PRODUCTS_DIR}/EFCMark/EFCMark.framework",
				"${BUILT_PRODUCTS_DIR}/EFMarkdown/EFMarkdown.framework",
				"${BUILT_PRODUCTS_DIR}/HandyJSON/HandyJSON.framework",
				"${BUILT_PRODUCTS_DIR}/Moya/Moya.framework",
				"${BUILT_PRODUCTS_DIR}/Result/Result.framework",
				"${BUILT_PRODUCTS_DIR}/RxCocoa/RxCocoa.framework",
				"${BUILT_PRODUCTS_DIR}/RxSwift/RxSwift.framework",
				"${BUILT_PRODUCTS_DIR}/SnapKit/SnapKit.framework",
			);
			name = "[CP] Embed Pods Frameworks";
			outputPaths = (
				"${TARGET_BUILD_DIR}/${FRAMEWORKS_FOLDER_PATH}/Alamofire.framework",
				"${TARGET_BUILD_DIR}/${FRAMEWORKS_FOLDER_PATH}/Cartography.framework",
				"${TARGET_BUILD_DIR}/${FRAMEWORKS_FOLDER_PATH}/EFCMark.framework",
				"${TARGET_BUILD_DIR}/${FRAMEWORKS_FOLDER_PATH}/EFMarkdown.framework",
				"${TARGET_BUILD_DIR}/${FRAMEWORKS_FOLDER_PATH}/HandyJSON.framework",
				"${TARGET_BUILD_DIR}/${FRAMEWORKS_FOLDER_PATH}/Moya.framework",
				"${TARGET_BUILD_DIR}/${FRAMEWORKS_FOLDER_PATH}/Result.framework",
				"${TARGET_BUILD_DIR}/${FRAMEWORKS_FOLDER_PATH}/RxCocoa.framework",
				"${TARGET_BUILD_DIR}/${FRAMEWORKS_FOLDER_PATH}/RxSwift.framework",
				"${TARGET_BUILD_DIR}/${FRAMEWORKS_FOLDER_PATH}/SnapKit.framework",
			);
			runOnlyForDeploymentPostprocessing = 0;
			shellPath = /bin/sh;
			shellScript = "\"${SRCROOT}/Pods/Target Support Files/Pods-LearnSwift/Pods-LearnSwift-frameworks.sh\"\n";
			showEnvVarsInLog = 0;
		};
		D4672E712297F36F00A5DE44 /* ShellScript */ = {
			isa = PBXShellScriptBuildPhase;
			buildActionMask = 2147483647;
			files = (
			);
			inputPaths = (
			);
			outputPaths = (
			);
			runOnlyForDeploymentPostprocessing = 0;
			shellPath = /bin/sh;
			shellScript = "# Type a script or drag a script file from your workspace to insert its path.\nenv\n";
		};
/* End PBXShellScriptBuildPhase section */

/* Begin PBXSourcesBuildPhase section */
		B8709EB720D8FC2500CC4247 /* Sources */ = {
			isa = PBXSourcesBuildPhase;
			buildActionMask = 2147483647;
			files = (
				D4CEB6D1225B20DB007E4B55 /* RxSwiftDemoVC.swift in Sources */,
				EC8C75B520E21F99000BE8F9 /* XFDemoTableViewController.swift in Sources */,
				D41951D8210F061C0006AF02 /* GuardVC.swift in Sources */,
				ECE9728B20D9E6F400FB2ED9 /* KeyWordsVC.swift in Sources */,
				D40DE7B32252106C007ADE19 /* VarTypeVC.swift in Sources */,
				B8709EE220D8FECD00CC4247 /* MarkDownPreviewVC.swift in Sources */,
				D4CEB6CE225AE93F007E4B55 /* MoyaDemoVC.swift in Sources */,
				D4CEB72922671130007E4B55 /* CartographyVC.swift in Sources */,
				D4CEB6D5225B4648007E4B55 /* ExtensionVC.swift in Sources */,
				B8709EE920DB7C0C00CC4247 /* ClosuresVC.swift in Sources */,
				B8709EEB20DB7D5B00CC4247 /* FeathersVC.swift in Sources */,
				D4672E6E22977B6400A5DE44 /* HandyJSONVC.swift in Sources */,
				D4E8748A2294DEC0002C8061 /* JSONCodableVC.swift in Sources */,
				B8709EE620DA4CFE00CC4247 /* RuntimeHelper.swift in Sources */,
				D4CEB6D3225B399D007E4B55 /* PropertyDemoVC.swift in Sources */,
				B8709EC320D8FC2500CC4247 /* DetailViewController.swift in Sources */,
				B8709EE420DA4C6900CC4247 /* InOutVC.swift in Sources */,
				ECE9728E20D9FD6700FB2ED9 /* XFWebViewController.swift in Sources */,
				D44B2A27218057DE009A84B6 /* XTokenRequest.swift in Sources */,
				D4672E7A229F7A9200A5DE44 /* MemoryManagerVC.swift in Sources */,
				B8709EC120D8FC2500CC4247 /* MasterViewController.swift in Sources */,
				D4CEB6CB225ADEF9007E4B55 /* SnapKitDemoVC.swift in Sources */,
				B8709EBF20D8FC2500CC4247 /* AppDelegate.swift in Sources */,
				EC8C75B120E1D1ED000BE8F9 /* AppleDemo.swift in Sources */,
				D44B2A252180568C009A84B6 /* XBaseRequest.swift in Sources */,
			);
			runOnlyForDeploymentPostprocessing = 0;
		};
		B8709ECD20D8FC2500CC4247 /* Sources */ = {
			isa = PBXSourcesBuildPhase;
			buildActionMask = 2147483647;
			files = (
				B8709ED620D8FC2500CC4247 /* LearnSwiftTests.swift in Sources */,
			);
			runOnlyForDeploymentPostprocessing = 0;
		};
/* End PBXSourcesBuildPhase section */

/* Begin PBXTargetDependency section */
		B8709ED320D8FC2500CC4247 /* PBXTargetDependency */ = {
			isa = PBXTargetDependency;
			target = B8709EBA20D8FC2500CC4247 /* LearnSwift */;
			targetProxy = B8709ED220D8FC2500CC4247 /* PBXContainerItemProxy */;
		};
/* End PBXTargetDependency section */

/* Begin PBXVariantGroup section */
		B8709EC420D8FC2500CC4247 /* Main.storyboard */ = {
			isa = PBXVariantGroup;
			children = (
				B8709EC520D8FC2500CC4247 /* Base */,
			);
			name = Main.storyboard;
			sourceTree = "<group>";
		};
		B8709EC920D8FC2500CC4247 /* LaunchScreen.storyboard */ = {
			isa = PBXVariantGroup;
			children = (
				B8709ECA20D8FC2500CC4247 /* Base */,
			);
			name = LaunchScreen.storyboard;
			sourceTree = "<group>";
		};
/* End PBXVariantGroup section */

/* Begin XCBuildConfiguration section */
		B8709ED820D8FC2500CC4247 /* Debug */ = {
			isa = XCBuildConfiguration;
			buildSettings = {
				ALWAYS_SEARCH_USER_PATHS = NO;
				CLANG_ANALYZER_NONNULL = YES;
				CLANG_ANALYZER_NUMBER_OBJECT_CONVERSION = YES_AGGRESSIVE;
				CLANG_CXX_LANGUAGE_STANDARD = "gnu++14";
				CLANG_CXX_LIBRARY = "libc++";
				CLANG_ENABLE_MODULES = YES;
				CLANG_ENABLE_OBJC_ARC = YES;
				CLANG_WARN_BLOCK_CAPTURE_AUTORELEASING = YES;
				CLANG_WARN_BOOL_CONVERSION = YES;
				CLANG_WARN_COMMA = YES;
				CLANG_WARN_CONSTANT_CONVERSION = YES;
				CLANG_WARN_DIRECT_OBJC_ISA_USAGE = YES_ERROR;
				CLANG_WARN_DOCUMENTATION_COMMENTS = YES;
				CLANG_WARN_EMPTY_BODY = YES;
				CLANG_WARN_ENUM_CONVERSION = YES;
				CLANG_WARN_INFINITE_RECURSION = YES;
				CLANG_WARN_INT_CONVERSION = YES;
				CLANG_WARN_NON_LITERAL_NULL_CONVERSION = YES;
				CLANG_WARN_OBJC_LITERAL_CONVERSION = YES;
				CLANG_WARN_OBJC_ROOT_CLASS = YES_ERROR;
				CLANG_WARN_RANGE_LOOP_ANALYSIS = YES;
				CLANG_WARN_STRICT_PROTOTYPES = YES;
				CLANG_WARN_SUSPICIOUS_MOVE = YES;
				CLANG_WARN_UNGUARDED_AVAILABILITY = YES_AGGRESSIVE;
				CLANG_WARN_UNREACHABLE_CODE = YES;
				CLANG_WARN__DUPLICATE_METHOD_MATCH = YES;
				CODE_SIGN_IDENTITY = "iPhone Developer";
				COPY_PHASE_STRIP = NO;
				DEBUG_INFORMATION_FORMAT = dwarf;
				ENABLE_STRICT_OBJC_MSGSEND = YES;
				ENABLE_TESTABILITY = YES;
				GCC_C_LANGUAGE_STANDARD = gnu11;
				GCC_DYNAMIC_NO_PIC = NO;
				GCC_NO_COMMON_BLOCKS = YES;
				GCC_OPTIMIZATION_LEVEL = 0;
				GCC_PREPROCESSOR_DEFINITIONS = (
					"DEBUG=1",
					"$(inherited)",
				);
				GCC_WARN_64_TO_32_BIT_CONVERSION = YES;
				GCC_WARN_ABOUT_RETURN_TYPE = YES_ERROR;
				GCC_WARN_UNDECLARED_SELECTOR = YES;
				GCC_WARN_UNINITIALIZED_AUTOS = YES_AGGRESSIVE;
				GCC_WARN_UNUSED_FUNCTION = YES;
				GCC_WARN_UNUSED_VARIABLE = YES;
				IPHONEOS_DEPLOYMENT_TARGET = 11.2;
				MTL_ENABLE_DEBUG_INFO = YES;
				ONLY_ACTIVE_ARCH = YES;
				SDKROOT = iphoneos;
				SWIFT_ACTIVE_COMPILATION_CONDITIONS = DEBUG;
				SWIFT_OPTIMIZATION_LEVEL = "-Onone";
			};
			name = Debug;
		};
		B8709ED920D8FC2500CC4247 /* Release */ = {
			isa = XCBuildConfiguration;
			buildSettings = {
				ALWAYS_SEARCH_USER_PATHS = NO;
				CLANG_ANALYZER_NONNULL = YES;
				CLANG_ANALYZER_NUMBER_OBJECT_CONVERSION = YES_AGGRESSIVE;
				CLANG_CXX_LANGUAGE_STANDARD = "gnu++14";
				CLANG_CXX_LIBRARY = "libc++";
				CLANG_ENABLE_MODULES = YES;
				CLANG_ENABLE_OBJC_ARC = YES;
				CLANG_WARN_BLOCK_CAPTURE_AUTORELEASING = YES;
				CLANG_WARN_BOOL_CONVERSION = YES;
				CLANG_WARN_COMMA = YES;
				CLANG_WARN_CONSTANT_CONVERSION = YES;
				CLANG_WARN_DIRECT_OBJC_ISA_USAGE = YES_ERROR;
				CLANG_WARN_DOCUMENTATION_COMMENTS = YES;
				CLANG_WARN_EMPTY_BODY = YES;
				CLANG_WARN_ENUM_CONVERSION = YES;
				CLANG_WARN_INFINITE_RECURSION = YES;
				CLANG_WARN_INT_CONVERSION = YES;
				CLANG_WARN_NON_LITERAL_NULL_CONVERSION = YES;
				CLANG_WARN_OBJC_LITERAL_CONVERSION = YES;
				CLANG_WARN_OBJC_ROOT_CLASS = YES_ERROR;
				CLANG_WARN_RANGE_LOOP_ANALYSIS = YES;
				CLANG_WARN_STRICT_PROTOTYPES = YES;
				CLANG_WARN_SUSPICIOUS_MOVE = YES;
				CLANG_WARN_UNGUARDED_AVAILABILITY = YES_AGGRESSIVE;
				CLANG_WARN_UNREACHABLE_CODE = YES;
				CLANG_WARN__DUPLICATE_METHOD_MATCH = YES;
				CODE_SIGN_IDENTITY = "iPhone Developer";
				COPY_PHASE_STRIP = NO;
				DEBUG_INFORMATION_FORMAT = "dwarf-with-dsym";
				ENABLE_NS_ASSERTIONS = NO;
				ENABLE_STRICT_OBJC_MSGSEND = YES;
				GCC_C_LANGUAGE_STANDARD = gnu11;
				GCC_NO_COMMON_BLOCKS = YES;
				GCC_WARN_64_TO_32_BIT_CONVERSION = YES;
				GCC_WARN_ABOUT_RETURN_TYPE = YES_ERROR;
				GCC_WARN_UNDECLARED_SELECTOR = YES;
				GCC_WARN_UNINITIALIZED_AUTOS = YES_AGGRESSIVE;
				GCC_WARN_UNUSED_FUNCTION = YES;
				GCC_WARN_UNUSED_VARIABLE = YES;
				IPHONEOS_DEPLOYMENT_TARGET = 11.2;
				MTL_ENABLE_DEBUG_INFO = NO;
				SDKROOT = iphoneos;
				SWIFT_OPTIMIZATION_LEVEL = "-Owholemodule";
				VALIDATE_PRODUCT = YES;
			};
			name = Release;
		};
		B8709EDB20D8FC2500CC4247 /* Debug */ = {
			isa = XCBuildConfiguration;
			baseConfigurationReference = 041DC6B76A36CE038A23419E /* Pods-LearnSwift.debug.xcconfig */;
			buildSettings = {
				ASSETCATALOG_COMPILER_APPICON_NAME = AppIcon;
				CODE_SIGN_STYLE = Automatic;
				DEVELOPMENT_TEAM = BN7E4W99SM;
				INFOPLIST_FILE = LearnSwift/Info.plist;
				LD_GENERATE_MAP_FILE = YES;
				LD_RUNPATH_SEARCH_PATHS = "$(inherited) @executable_path/Frameworks";
				PRODUCT_BUNDLE_IDENTIFIER = com.feng.LearnSwift;
				PRODUCT_NAME = "$(TARGET_NAME)";
				SWIFT_VERSION = 4.0;
				TARGETED_DEVICE_FAMILY = 1;
			};
			name = Debug;
		};
		B8709EDC20D8FC2500CC4247 /* Release */ = {
			isa = XCBuildConfiguration;
			baseConfigurationReference = 0C34EF001D1295B4D85505B8 /* Pods-LearnSwift.release.xcconfig */;
			buildSettings = {
				ASSETCATALOG_COMPILER_APPICON_NAME = AppIcon;
				CODE_SIGN_STYLE = Automatic;
				DEVELOPMENT_TEAM = BN7E4W99SM;
				INFOPLIST_FILE = LearnSwift/Info.plist;
				LD_GENERATE_MAP_FILE = YES;
				LD_RUNPATH_SEARCH_PATHS = "$(inherited) @executable_path/Frameworks";
				PRODUCT_BUNDLE_IDENTIFIER = com.feng.LearnSwift;
				PRODUCT_NAME = "$(TARGET_NAME)";
				SWIFT_VERSION = 4.0;
				TARGETED_DEVICE_FAMILY = 1;
			};
			name = Release;
		};
		B8709EDE20D8FC2500CC4247 /* Debug */ = {
			isa = XCBuildConfiguration;
			baseConfigurationReference = 7C62DC2E16B4FF5DD6BB385A /* Pods-LearnSwiftTests.debug.xcconfig */;
			buildSettings = {
				ALWAYS_EMBED_SWIFT_STANDARD_LIBRARIES = YES;
				BUNDLE_LOADER = "$(TEST_HOST)";
				CODE_SIGN_STYLE = Automatic;
				INFOPLIST_FILE = LearnSwiftTests/Info.plist;
				LD_RUNPATH_SEARCH_PATHS = "$(inherited) @executable_path/Frameworks @loader_path/Frameworks";
				PRODUCT_BUNDLE_IDENTIFIER = com.feng.LearnSwiftTests;
				PRODUCT_NAME = "$(TARGET_NAME)";
				SWIFT_VERSION = 4.0;
				TARGETED_DEVICE_FAMILY = "1,2";
				TEST_HOST = "$(BUILT_PRODUCTS_DIR)/LearnSwift.app/LearnSwift";
			};
			name = Debug;
		};
		B8709EDF20D8FC2500CC4247 /* Release */ = {
			isa = XCBuildConfiguration;
			baseConfigurationReference = 1106E4932C7CAC9D4E947ABC /* Pods-LearnSwiftTests.release.xcconfig */;
			buildSettings = {
				ALWAYS_EMBED_SWIFT_STANDARD_LIBRARIES = YES;
				BUNDLE_LOADER = "$(TEST_HOST)";
				CODE_SIGN_STYLE = Automatic;
				INFOPLIST_FILE = LearnSwiftTests/Info.plist;
				LD_RUNPATH_SEARCH_PATHS = "$(inherited) @executable_path/Frameworks @loader_path/Frameworks";
				PRODUCT_BUNDLE_IDENTIFIER = com.feng.LearnSwiftTests;
				PRODUCT_NAME = "$(TARGET_NAME)";
				SWIFT_VERSION = 4.0;
				TARGETED_DEVICE_FAMILY = "1,2";
				TEST_HOST = "$(BUILT_PRODUCTS_DIR)/LearnSwift.app/LearnSwift";
			};
			name = Release;
		};
/* End XCBuildConfiguration section */

/* Begin XCConfigurationList section */
		B8709EB620D8FC2500CC4247 /* Build configuration list for PBXProject "LearnSwift" */ = {
			isa = XCConfigurationList;
			buildConfigurations = (
				B8709ED820D8FC2500CC4247 /* Debug */,
				B8709ED920D8FC2500CC4247 /* Release */,
			);
			defaultConfigurationIsVisible = 0;
			defaultConfigurationName = Release;
		};
		B8709EDA20D8FC2500CC4247 /* Build configuration list for PBXNativeTarget "LearnSwift" */ = {
			isa = XCConfigurationList;
			buildConfigurations = (
				B8709EDB20D8FC2500CC4247 /* Debug */,
				B8709EDC20D8FC2500CC4247 /* Release */,
			);
			defaultConfigurationIsVisible = 0;
			defaultConfigurationName = Release;
		};
		B8709EDD20D8FC2500CC4247 /* Build configuration list for PBXNativeTarget "LearnSwiftTests" */ = {
			isa = XCConfigurationList;
			buildConfigurations = (
				B8709EDE20D8FC2500CC4247 /* Debug */,
				B8709EDF20D8FC2500CC4247 /* Release */,
			);
			defaultConfigurationIsVisible = 0;
			defaultConfigurationName = Release;
		};
/* End XCConfigurationList section */
	};
	rootObject = B8709EB320D8FC2500CC4247 /* Project object */;
}
